
Microsoft Visual Studio Solution File, Format Version 12.00
# Visual Studio 15
VisualStudioVersion = 15.0.27130.2024
MinimumVisualStudioVersion = 10.0.40219.1
Project("{8BC9CEB8-8B4A-11D0-8D11-00A0C91BC942}") = "Simple Chatting Server", "Simple Chatting Server\Simple Chatting Server.vcxproj", "{417A2033-D115-4F6F-8CEF-6D921EDC4667}"
EndProject
Global
	GlobalSection(SolutionConfigurationPlatforms) = preSolution
		Debug|x64 = Debug|x64
		Debug|x86 = Debug|x86
		Release|x64 = Release|x64
		Release|x86 = Release|x86
	EndGlobalSection
	GlobalSection(ProjectConfigurationPlatforms) = postSolution
		{417A2033-D115-4F6F-8CEF-6D921EDC4667}.Debug|x64.ActiveCfg = Debug|x64
		{417A2033-D115-4F6F-8CEF-6D921EDC4667}.Debug|x64.Build.0 = Debug|x64
		{417A2033-D115-4F6F-8CEF-6D921EDC4667}.Debug|x86.ActiveCfg = Debug|Win32
		{417A2033-D115-4F6F-8CEF-6D921EDC4667}.Debug|x86.Build.0 = Debug|Win32
		{417A2033-D115-4F6F-8CEF-6D921EDC4667}.Release|x64.ActiveCfg = Release|x64
		{417A2033-D115-4F6F-8CEF-6D921EDC4667}.Release|x64.Build.0 = Release|x64
		{417A2033-D115-4F6F-8CEF-6D921EDC4667}.Release|x86.ActiveCfg = Release|Win32
		{417A2033-D115-4F6F-8CEF-6D921EDC4667}.Release|x86.Build.0 = Release|Win32
	EndGlobalSection
	GlobalSection(SolutionProperties) = preSolution
		HideSolutionNode = FALSE
	EndGlobalSection
	GlobalSection(ExtensibilityGlobals) = postSolution
		SolutionGuid = {C222CEE8-F8D8-4FFE-8829-8E82D901A7D5}
	EndGlobalSection
EndGlobal
